// !$*UTF8*$!
{
	archiveVersion = 1;
	classes = {
	};
	objectVersion = 50;
	objects = {

/* Begin PBXBuildFile section */
		5351544A224D5D15003987F9 /* AppDelegate.m in Sources */ = {isa = PBXBuildFile; fileRef = 53515449224D5D15003987F9 /* AppDelegate.m */; };
		5351544D224D5D15003987F9 /* PlayerViewController.m in Sources */ = {isa = PBXBuildFile; fileRef = 5351544C224D5D15003987F9 /* PlayerViewController.m */; };
		5351544F224D5D17003987F9 /* Assets.xcassets in Resources */ = {isa = PBXBuildFile; fileRef = 5351544E224D5D17003987F9 /* Assets.xcassets */; };
		53515452224D5D17003987F9 /* Main.storyboard in Resources */ = {isa = PBXBuildFile; fileRef = 53515450224D5D17003987F9 /* Main.storyboard */; };
		53515455224D5D17003987F9 /* main.m in Sources */ = {isa = PBXBuildFile; fileRef = 53515454224D5D17003987F9 /* main.m */; };
		535E9129224E2E79001DF909 /* VTZApplication.m in Sources */ = {isa = PBXBuildFile; fileRef = 535E9128224E2E79001DF909 /* VTZApplication.m */; };
		53A5D774225630D9008C715B /* VTZConstants.m in Sources */ = {isa = PBXBuildFile; fileRef = 53A5D773225630D9008C715B /* VTZConstants.m */; };
		53A5D7772256349F008C715B /* VTZBrowserMediaPlayer.m in Sources */ = {isa = PBXBuildFile; fileRef = 53A5D7762256349E008C715B /* VTZBrowserMediaPlayer.m */; };
		53A5D77B22563DFD008C715B /* VTZUtils.m in Sources */ = {isa = PBXBuildFile; fileRef = 53A5D77A22563DFD008C715B /* VTZUtils.m */; };
/* End PBXBuildFile section */

/* Begin PBXFileReference section */
		53515445224D5D15003987F9 /* YandexMusicExtensionCompanion.app */ = {isa = PBXFileReference; explicitFileType = wrapper.application; includeInIndex = 0; path = YandexMusicExtensionCompanion.app; sourceTree = BUILT_PRODUCTS_DIR; };
		53515448224D5D15003987F9 /* AppDelegate.h */ = {isa = PBXFileReference; lastKnownFileType = sourcecode.c.h; path = AppDelegate.h; sourceTree = "<group>"; };
		53515449224D5D15003987F9 /* AppDelegate.m */ = {isa = PBXFileReference; lastKnownFileType = sourcecode.c.objc; path = AppDelegate.m; sourceTree = "<group>"; };
		5351544B224D5D15003987F9 /* PlayerViewController.h */ = {isa = PBXFileReference; lastKnownFileType = sourcecode.c.h; path = PlayerViewController.h; sourceTree = "<group>"; };
		5351544C224D5D15003987F9 /* PlayerViewController.m */ = {isa = PBXFileReference; lastKnownFileType = sourcecode.c.objc; path = PlayerViewController.m; sourceTree = "<group>"; };
		5351544E224D5D17003987F9 /* Assets.xcassets */ = {isa = PBXFileReference; lastKnownFileType = folder.assetcatalog; path = Assets.xcassets; sourceTree = "<group>"; };
		53515451224D5D17003987F9 /* Base */ = {isa = PBXFileReference; lastKnownFileType = file.storyboard; name = Base; path = Base.lproj/Main.storyboard; sourceTree = "<group>"; };
		53515453224D5D17003987F9 /* Info.plist */ = {isa = PBXFileReference; lastKnownFileType = text.plist.xml; path = Info.plist; sourceTree = "<group>"; };
		53515454224D5D17003987F9 /* main.m */ = {isa = PBXFileReference; lastKnownFileType = sourcecode.c.objc; path = main.m; sourceTree = "<group>"; };
		53515456224D5D17003987F9 /* YandexMusicExtensionCompanion.entitlements */ = {isa = PBXFileReference; lastKnownFileType = text.plist.entitlements; path = YandexMusicExtensionCompanion.entitlements; sourceTree = "<group>"; };
		535E9127224E2E79001DF909 /* VTZApplication.h */ = {isa = PBXFileReference; lastKnownFileType = sourcecode.c.h; path = VTZApplication.h; sourceTree = "<group>"; };
		535E9128224E2E79001DF909 /* VTZApplication.m */ = {isa = PBXFileReference; lastKnownFileType = sourcecode.c.objc; path = VTZApplication.m; sourceTree = "<group>"; };
		53A5D77022562CC8008C715B /* VTZMediaPlayerProtocols.h */ = {isa = PBXFileReference; lastKnownFileType = sourcecode.c.h; path = VTZMediaPlayerProtocols.h; sourceTree = "<group>"; };
		53A5D77222562F02008C715B /* VTZConstants.h */ = {isa = PBXFileReference; lastKnownFileType = sourcecode.c.h; path = VTZConstants.h; sourceTree = "<group>"; };
		53A5D773225630D9008C715B /* VTZConstants.m */ = {isa = PBXFileReference; lastKnownFileType = sourcecode.c.objc; path = VTZConstants.m; sourceTree = "<group>"; };
		53A5D7752256347C008C715B /* VTZBrowserMediaPlayer.h */ = {isa = PBXFileReference; lastKnownFileType = sourcecode.c.h; path = VTZBrowserMediaPlayer.h; sourceTree = "<group>"; };
		53A5D7762256349E008C715B /* VTZBrowserMediaPlayer.m */ = {isa = PBXFileReference; lastKnownFileType = sourcecode.c.objc; path = VTZBrowserMediaPlayer.m; sourceTree = "<group>"; };
		53A5D77922563D41008C715B /* VTZUtils.h */ = {isa = PBXFileReference; lastKnownFileType = sourcecode.c.h; path = VTZUtils.h; sourceTree = "<group>"; };
		53A5D77A22563DFD008C715B /* VTZUtils.m */ = {isa = PBXFileReference; lastKnownFileType = sourcecode.c.objc; path = VTZUtils.m; sourceTree = "<group>"; };
/* End PBXFileReference section */

/* Begin PBXFrameworksBuildPhase section */
		53515442224D5D15003987F9 /* Frameworks */ = {
			isa = PBXFrameworksBuildPhase;
			buildActionMask = 2147483647;
			files = (
			);
			runOnlyForDeploymentPostprocessing = 0;
		};
/* End PBXFrameworksBuildPhase section */

/* Begin PBXGroup section */
		5351543C224D5D14003987F9 = {
			isa = PBXGroup;
			children = (
				53515447224D5D15003987F9 /* YandexMusicExtensionCompanion */,
				53515446224D5D15003987F9 /* Products */,
			);
			sourceTree = "<group>";
		};
		53515446224D5D15003987F9 /* Products */ = {
			isa = PBXGroup;
			children = (
				53515445224D5D15003987F9 /* YandexMusicExtensionCompanion.app */,
			);
			name = Products;
			sourceTree = "<group>";
		};
		53515447224D5D15003987F9 /* YandexMusicExtensionCompanion */ = {
			isa = PBXGroup;
			children = (
				53A5D77822563CB5008C715B /* Utilites */,
				53A5D77122562EF1008C715B /* Constants */,
				53A5D76F22562BAB008C715B /* MediaPlayer */,
				5351545E224D5F0F003987F9 /* Other */,
				5351545D224D5D94003987F9 /* Storyboards */,
				5351545C224D5D83003987F9 /* Controllers */,
				53515453224D5D17003987F9 /* Info.plist */,
				53515454224D5D17003987F9 /* main.m */,
				53515456224D5D17003987F9 /* YandexMusicExtensionCompanion.entitlements */,
			);
			path = YandexMusicExtensionCompanion;
			sourceTree = "<group>";
		};
		5351545C224D5D83003987F9 /* Controllers */ = {
			isa = PBXGroup;
			children = (
				5351544B224D5D15003987F9 /* PlayerViewController.h */,
				5351544C224D5D15003987F9 /* PlayerViewController.m */,
			);
			path = Controllers;
			sourceTree = "<group>";
		};
		5351545D224D5D94003987F9 /* Storyboards */ = {
			isa = PBXGroup;
			children = (
				53515450224D5D17003987F9 /* Main.storyboard */,
			);
			path = Storyboards;
			sourceTree = "<group>";
		};
		5351545E224D5F0F003987F9 /* Other */ = {
			isa = PBXGroup;
			children = (
				5351544E224D5D17003987F9 /* Assets.xcassets */,
				53515448224D5D15003987F9 /* AppDelegate.h */,
				53515449224D5D15003987F9 /* AppDelegate.m */,
				535E9127224E2E79001DF909 /* VTZApplication.h */,
				535E9128224E2E79001DF909 /* VTZApplication.m */,
			);
			path = Other;
			sourceTree = "<group>";
		};
		53A5D76F22562BAB008C715B /* MediaPlayer */ = {
			isa = PBXGroup;
			children = (
				53A5D77022562CC8008C715B /* VTZMediaPlayerProtocols.h */,
				53A5D7752256347C008C715B /* VTZBrowserMediaPlayer.h */,
				53A5D7762256349E008C715B /* VTZBrowserMediaPlayer.m */,
			);
			path = MediaPlayer;
			sourceTree = "<group>";
		};
		53A5D77122562EF1008C715B /* Constants */ = {
			isa = PBXGroup;
			children = (
				53A5D77222562F02008C715B /* VTZConstants.h */,
				53A5D773225630D9008C715B /* VTZConstants.m */,
			);
			path = Constants;
			sourceTree = "<group>";
		};
		53A5D77822563CB5008C715B /* Utilites */ = {
			isa = PBXGroup;
			children = (
				53A5D77922563D41008C715B /* VTZUtils.h */,
				53A5D77A22563DFD008C715B /* VTZUtils.m */,
			);
			path = Utilites;
			sourceTree = "<group>";
		};
/* End PBXGroup section */

/* Begin PBXNativeTarget section */
		53515444224D5D15003987F9 /* YandexMusicExtensionCompanion */ = {
			isa = PBXNativeTarget;
			buildConfigurationList = 53515459224D5D17003987F9 /* Build configuration list for PBXNativeTarget "YandexMusicExtensionCompanion" */;
			buildPhases = (
				53515441224D5D15003987F9 /* Sources */,
				53515442224D5D15003987F9 /* Frameworks */,
				53515443224D5D15003987F9 /* Resources */,
			);
			buildRules = (
			);
			dependencies = (
			);
			name = YandexMusicExtensionCompanion;
			productName = YandexMusicExtensionCompanion;
			productReference = 53515445224D5D15003987F9 /* YandexMusicExtensionCompanion.app */;
			productType = "com.apple.product-type.application";
		};
/* End PBXNativeTarget section */

/* Begin PBXProject section */
		5351543D224D5D15003987F9 /* Project object */ = {
			isa = PBXProject;
			attributes = {
				LastUpgradeCheck = 1010;
				ORGANIZATIONNAME = vzakharenko;
				TargetAttributes = {
					53515444224D5D15003987F9 = {
						CreatedOnToolsVersion = 10.1;
					};
				};
			};
			buildConfigurationList = 53515440224D5D15003987F9 /* Build configuration list for PBXProject "YandexMusicExtensionCompanion" */;
			compatibilityVersion = "Xcode 9.3";
			developmentRegion = en;
			hasScannedForEncodings = 0;
			knownRegions = (
				en,
				Base,
			);
			mainGroup = 5351543C224D5D14003987F9;
			productRefGroup = 53515446224D5D15003987F9 /* Products */;
			projectDirPath = "";
			projectRoot = "";
			targets = (
				53515444224D5D15003987F9 /* YandexMusicExtensionCompanion */,
			);
		};
/* End PBXProject section */

/* Begin PBXResourcesBuildPhase section */
		53515443224D5D15003987F9 /* Resources */ = {
			isa = PBXResourcesBuildPhase;
			buildActionMask = 2147483647;
			files = (
				5351544F224D5D17003987F9 /* Assets.xcassets in Resources */,
				53515452224D5D17003987F9 /* Main.storyboard in Resources */,
			);
			runOnlyForDeploymentPostprocessing = 0;
		};
/* End PBXResourcesBuildPhase section */

/* Begin PBXSourcesBuildPhase section */
		53515441224D5D15003987F9 /* Sources */ = {
			isa = PBXSourcesBuildPhase;
			buildActionMask = 2147483647;
			files = (
				5351544D224D5D15003987F9 /* PlayerViewController.m in Sources */,
				53A5D774225630D9008C715B /* VTZConstants.m in Sources */,
				53A5D77B22563DFD008C715B /* VTZUtils.m in Sources */,
				53515455224D5D17003987F9 /* main.m in Sources */,
				53A5D7772256349F008C715B /* VTZBrowserMediaPlayer.m in Sources */,
				5351544A224D5D15003987F9 /* AppDelegate.m in Sources */,
				535E9129224E2E79001DF909 /* VTZApplication.m in Sources */,
			);
			runOnlyForDeploymentPostprocessing = 0;
		};
/* End PBXSourcesBuildPhase section */

/* Begin PBXVariantGroup section */
		53515450224D5D17003987F9 /* Main.storyboard */ = {
			isa = PBXVariantGroup;
			children = (
				53515451224D5D17003987F9 /* Base */,
			);
			name = Main.storyboard;
			sourceTree = "<group>";
		};
/* End PBXVariantGroup section */

/* Begin XCBuildConfiguration section */
		53515457224D5D17003987F9 /* Debug */ = {
			isa = XCBuildConfiguration;
			buildSettings = {
				ALWAYS_SEARCH_USER_PATHS = NO;
				CLANG_ANALYZER_NONNULL = YES;
				CLANG_ANALYZER_NUMBER_OBJECT_CONVERSION = YES_AGGRESSIVE;
				CLANG_CXX_LANGUAGE_STANDARD = "gnu++14";
				CLANG_CXX_LIBRARY = "libc++";
				CLANG_ENABLE_MODULES = YES;
				CLANG_ENABLE_OBJC_ARC = YES;
				CLANG_ENABLE_OBJC_WEAK = YES;
				CLANG_WARN_BLOCK_CAPTURE_AUTORELEASING = YES;
				CLANG_WARN_BOOL_CONVERSION = YES;
				CLANG_WARN_COMMA = YES;
				CLANG_WARN_CONSTANT_CONVERSION = YES;
				CLANG_WARN_DEPRECATED_OBJC_IMPLEMENTATIONS = YES;
				CLANG_WARN_DIRECT_OBJC_ISA_USAGE = YES_ERROR;
				CLANG_WARN_DOCUMENTATION_COMMENTS = YES;
				CLANG_WARN_EMPTY_BODY = YES;
				CLANG_WARN_ENUM_CONVERSION = YES;
				CLANG_WARN_INFINITE_RECURSION = YES;
				CLANG_WARN_INT_CONVERSION = YES;
				CLANG_WARN_NON_LITERAL_NULL_CONVERSION = YES;
				CLANG_WARN_OBJC_IMPLICIT_RETAIN_SELF = YES;
				CLANG_WARN_OBJC_LITERAL_CONVERSION = YES;
				CLANG_WARN_OBJC_ROOT_CLASS = YES_ERROR;
				CLANG_WARN_RANGE_LOOP_ANALYSIS = YES;
				CLANG_WARN_STRICT_PROTOTYPES = YES;
				CLANG_WARN_SUSPICIOUS_MOVE = YES;
				CLANG_WARN_UNGUARDED_AVAILABILITY = YES_AGGRESSIVE;
				CLANG_WARN_UNREACHABLE_CODE = YES;
				CLANG_WARN__DUPLICATE_METHOD_MATCH = YES;
				CODE_SIGN_IDENTITY = "-";
				COPY_PHASE_STRIP = NO;
				DEBUG_INFORMATION_FORMAT = dwarf;
				ENABLE_STRICT_OBJC_MSGSEND = YES;
				ENABLE_TESTABILITY = YES;
				GCC_C_LANGUAGE_STANDARD = gnu11;
				GCC_DYNAMIC_NO_PIC = NO;
				GCC_NO_COMMON_BLOCKS = YES;
				GCC_OPTIMIZATION_LEVEL = 0;
				GCC_PREPROCESSOR_DEFINITIONS = (
					"DEBUG=1",
					"$(inherited)",
				);
				GCC_WARN_64_TO_32_BIT_CONVERSION = YES;
				GCC_WARN_ABOUT_RETURN_TYPE = YES_ERROR;
				GCC_WARN_UNDECLARED_SELECTOR = YES;
				GCC_WARN_UNINITIALIZED_AUTOS = YES_AGGRESSIVE;
				GCC_WARN_UNUSED_FUNCTION = YES;
				GCC_WARN_UNUSED_VARIABLE = YES;
				MACOSX_DEPLOYMENT_TARGET = 10.14;
				MTL_ENABLE_DEBUG_INFO = INCLUDE_SOURCE;
				MTL_FAST_MATH = YES;
				ONLY_ACTIVE_ARCH = YES;
				SDKROOT = macosx;
			};
			name = Debug;
		};
		53515458224D5D17003987F9 /* Release */ = {
			isa = XCBuildConfiguration;
			buildSettings = {
				ALWAYS_SEARCH_USER_PATHS = NO;
				CLANG_ANALYZER_NONNULL = YES;
				CLANG_ANALYZER_NUMBER_OBJECT_CONVERSION = YES_AGGRESSIVE;
				CLANG_CXX_LANGUAGE_STANDARD = "gnu++14";
				CLANG_CXX_LIBRARY = "libc++";
				CLANG_ENABLE_MODULES = YES;
				CLANG_ENABLE_OBJC_ARC = YES;
				CLANG_ENABLE_OBJC_WEAK = YES;
				CLANG_WARN_BLOCK_CAPTURE_AUTORELEASING = YES;
				CLANG_WARN_BOOL_CONVERSION = YES;
				CLANG_WARN_COMMA = YES;
				CLANG_WARN_CONSTANT_CONVERSION = YES;
				CLANG_WARN_DEPRECATED_OBJC_IMPLEMENTATIONS = YES;
				CLANG_WARN_DIRECT_OBJC_ISA_USAGE = YES_ERROR;
				CLANG_WARN_DOCUMENTATION_COMMENTS = YES;
				CLANG_WARN_EMPTY_BODY = YES;
				CLANG_WARN_ENUM_CONVERSION = YES;
				CLANG_WARN_INFINITE_RECURSION = YES;
				CLANG_WARN_INT_CONVERSION = YES;
				CLANG_WARN_NON_LITERAL_NULL_CONVERSION = YES;
				CLANG_WARN_OBJC_IMPLICIT_RETAIN_SELF = YES;
				CLANG_WARN_OBJC_LITERAL_CONVERSION = YES;
				CLANG_WARN_OBJC_ROOT_CLASS = YES_ERROR;
				CLANG_WARN_RANGE_LOOP_ANALYSIS = YES;
				CLANG_WARN_STRICT_PROTOTYPES = YES;
				CLANG_WARN_SUSPICIOUS_MOVE = YES;
				CLANG_WARN_UNGUARDED_AVAILABILITY = YES_AGGRESSIVE;
				CLANG_WARN_UNREACHABLE_CODE = YES;
				CLANG_WARN__DUPLICATE_METHOD_MATCH = YES;
				CODE_SIGN_IDENTITY = "-";
				COPY_PHASE_STRIP = NO;
				DEBUG_INFORMATION_FORMAT = "dwarf-with-dsym";
				ENABLE_NS_ASSERTIONS = NO;
				ENABLE_STRICT_OBJC_MSGSEND = YES;
				GCC_C_LANGUAGE_STANDARD = gnu11;
				GCC_NO_COMMON_BLOCKS = YES;
				GCC_WARN_64_TO_32_BIT_CONVERSION = YES;
				GCC_WARN_ABOUT_RETURN_TYPE = YES_ERROR;
				GCC_WARN_UNDECLARED_SELECTOR = YES;
				GCC_WARN_UNINITIALIZED_AUTOS = YES_AGGRESSIVE;
				GCC_WARN_UNUSED_FUNCTION = YES;
				GCC_WARN_UNUSED_VARIABLE = YES;
				MACOSX_DEPLOYMENT_TARGET = 10.14;
				MTL_ENABLE_DEBUG_INFO = NO;
				MTL_FAST_MATH = YES;
				SDKROOT = macosx;
			};
			name = Release;
		};
		5351545A224D5D17003987F9 /* Debug */ = {
			isa = XCBuildConfiguration;
			buildSettings = {
				ASSETCATALOG_COMPILER_APPICON_NAME = AppIcon;
				CODE_SIGN_ENTITLEMENTS = YandexMusicExtensionCompanion/YandexMusicExtensionCompanion.entitlements;
				CODE_SIGN_STYLE = Automatic;
				COMBINE_HIDPI_IMAGES = YES;
				INFOPLIST_FILE = YandexMusicExtensionCompanion/Info.plist;
				LD_RUNPATH_SEARCH_PATHS = (
					"$(inherited)",
					"@executable_path/../Frameworks",
				);
				PRODUCT_BUNDLE_IDENTIFIER = blabla.vit.corp.YandexMusicExtensionCompanion;
				PRODUCT_NAME = "$(TARGET_NAME)";
			};
			name = Debug;
		};
		5351545B224D5D17003987F9 /* Release */ = {
			isa = XCBuildConfiguration;
			buildSettings = {
				ASSETCATALOG_COMPILER_APPICON_NAME = AppIcon;
				CODE_SIGN_ENTITLEMENTS = YandexMusicExtensionCompanion/YandexMusicExtensionCompanion.entitlements;
				CODE_SIGN_STYLE = Automatic;
				COMBINE_HIDPI_IMAGES = YES;
				INFOPLIST_FILE = YandexMusicExtensionCompanion/Info.plist;
				LD_RUNPATH_SEARCH_PATHS = (
					"$(inherited)",
					"@executable_path/../Frameworks",
				);
				PRODUCT_BUNDLE_IDENTIFIER = blabla.vit.corp.YandexMusicExtensionCompanion;
				PRODUCT_NAME = "$(TARGET_NAME)";
			};
			name = Release;
		};
/* End XCBuildConfiguration section */

/* Begin XCConfigurationList section */
		53515440224D5D15003987F9 /* Build configuration list for PBXProject "YandexMusicExtensionCompanion" */ = {
			isa = XCConfigurationList;
			buildConfigurations = (
				53515457224D5D17003987F9 /* Debug */,
				53515458224D5D17003987F9 /* Release */,
			);
			defaultConfigurationIsVisible = 0;
			defaultConfigurationName = Release;
		};
		53515459224D5D17003987F9 /* Build configuration list for PBXNativeTarget "YandexMusicExtensionCompanion" */ = {
			isa = XCConfigurationList;
			buildConfigurations = (
				5351545A224D5D17003987F9 /* Debug */,
				5351545B224D5D17003987F9 /* Release */,
			);
			defaultConfigurationIsVisible = 0;
			defaultConfigurationName = Release;
		};
/* End XCConfigurationList section */
	};
	rootObject = 5351543D224D5D15003987F9 /* Project object */;
}
